{
  "object": {
    "pins": [
      {
        "package": "Cryptor",
        "repositoryURL": "https://github.com/IBM-Swift/BlueCryptor.git",
        "state": {
          "branch": null,
          "revision": "12d2bf3ec7207ec3cd004b9582f69ef5fae1da3b",
          "version": "1.0.32"
        }
      },
      {
        "package": "swift-nio",
        "repositoryURL": "https://github.com/apple/swift-nio.git",
        "state": {
          "branch": null,
          "revision": "96db8838be60fcbb993fa738e1120fb7f4b99c43",
          "version": "2.22.1"
        }
      },
      {
        "package": "vuhnNetwork",
        "repositoryURL": "https://github.com/vuhn-PhilWilson/vuhnNetwork",
        "state": {
          "branch": null,
          "revision": "632f61a836dd1af05d1ad75dda3df3778404bcf5",
          "version": "0.0.8"
        }
      }
    ]
  },
  "version": 1
}
